
Microsoft Visual Studio Solution File, Format Version 12.00
# Visual Studio Version 17
VisualStudioVersion = 17.13.35931.197 d17.13
MinimumVisualStudioVersion = 10.0.40219.1
Project("{FAE04EC0-301F-11D3-BF4B-00C04F79EFBC}") = "RecipeManageSystem", "RecipeManageSystem\RecipeManageSystem.csproj", "{94DB47CB-C295-4847-9C50-1FEDDEAA581F}"
EndProject
Global
	GlobalSection(SolutionConfigurationPlatforms) = preSolution
		Debug|Any CPU = Debug|Any CPU
		Release|Any CPU = Release|Any CPU
	EndGlobalSection
	GlobalSection(ProjectConfigurationPlatforms) = postSolution
		{94DB47CB-C295-4847-9C50-1FEDDEAA581F}.Debug|Any CPU.ActiveCfg = Debug|Any CPU
		{94DB47CB-C295-4847-9C50-1FEDDEAA581F}.Debug|Any CPU.Build.0 = Debug|Any CPU
		{94DB47CB-C295-4847-9C50-1FEDDEAA581F}.Release|Any CPU.ActiveCfg = Release|Any CPU
		{94DB47CB-C295-4847-9C50-1FEDDEAA581F}.Release|Any CPU.Build.0 = Release|Any CPU
	EndGlobalSection
	GlobalSection(SolutionProperties) = preSolution
		HideSolutionNode = FALSE
	EndGlobalSection
	GlobalSection(ExtensibilityGlobals) = postSolution
		SolutionGuid = {F775C59A-C022-4B07-ABF4-D29C9CDE0D13}
	EndGlobalSection
EndGlobal
